
Microsoft Visual Studio Solution File, Format Version 12.00
# Visual Studio 15
VisualStudioVersion = 15.0.27004.2009
MinimumVisualStudioVersion = 10.0.40219.1
Project("{FAE04EC0-301F-11D3-BF4B-00C04F79EFBC}") = "AlchemyConsole", "AlchemyConsole\AlchemyConsole.csproj", "{485419F8-5486-44B4-B1F8-DDE597A7E6CB}"
EndProject
Project("{FAE04EC0-301F-11D3-BF4B-00C04F79EFBC}") = "AlchemyEngine", "AlchemyEngine\AlchemyEngine\AlchemyEngine.csproj", "{3C7F7AC1-9F21-4559-B57D-4D9D41D4CBC2}"
EndProject
Global
	GlobalSection(SolutionConfigurationPlatforms) = preSolution
		Debug|Any CPU = Debug|Any CPU
		Release|Any CPU = Release|Any CPU
	EndGlobalSection
	GlobalSection(ProjectConfigurationPlatforms) = postSolution
		{485419F8-5486-44B4-B1F8-DDE597A7E6CB}.Debug|Any CPU.ActiveCfg = Debug|Any CPU
		{485419F8-5486-44B4-B1F8-DDE597A7E6CB}.Debug|Any CPU.Build.0 = Debug|Any CPU
		{485419F8-5486-44B4-B1F8-DDE597A7E6CB}.Release|Any CPU.ActiveCfg = Release|Any CPU
		{485419F8-5486-44B4-B1F8-DDE597A7E6CB}.Release|Any CPU.Build.0 = Release|Any CPU
		{3C7F7AC1-9F21-4559-B57D-4D9D41D4CBC2}.Debug|Any CPU.ActiveCfg = Debug|Any CPU
		{3C7F7AC1-9F21-4559-B57D-4D9D41D4CBC2}.Debug|Any CPU.Build.0 = Debug|Any CPU
		{3C7F7AC1-9F21-4559-B57D-4D9D41D4CBC2}.Release|Any CPU.ActiveCfg = Release|Any CPU
		{3C7F7AC1-9F21-4559-B57D-4D9D41D4CBC2}.Release|Any CPU.Build.0 = Release|Any CPU
	EndGlobalSection
	GlobalSection(SolutionProperties) = preSolution
		HideSolutionNode = FALSE
	EndGlobalSection
	GlobalSection(ExtensibilityGlobals) = postSolution
		SolutionGuid = {61E697D2-8713-4E59-9918-E819F9A571E1}
	EndGlobalSection
EndGlobal
